// !$*UTF8*$!
{
	archiveVersion = 1;
	classes = {
	};
	objectVersion = 46;
	objects = {

/* Begin PBXBuildFile section */
		44DCFCBCDC17EE108B700BD5 /* Pods.framework in Frameworks */ = {isa = PBXBuildFile; fileRef = 0AAEEFF92CF8A529675A0FF9 /* Pods.framework */; };
		539E35AC1C6FF519002A06A9 /* AppDelegate.swift in Sources */ = {isa = PBXBuildFile; fileRef = 539E35AB1C6FF519002A06A9 /* AppDelegate.swift */; };
		539E35AE1C6FF519002A06A9 /* ViewController.swift in Sources */ = {isa = PBXBuildFile; fileRef = 539E35AD1C6FF519002A06A9 /* ViewController.swift */; };
		539E35B11C6FF51A002A06A9 /* Main.storyboard in Resources */ = {isa = PBXBuildFile; fileRef = 539E35AF1C6FF51A002A06A9 /* Main.storyboard */; };
		539E35B31C6FF51A002A06A9 /* Assets.xcassets in Resources */ = {isa = PBXBuildFile; fileRef = 539E35B21C6FF51A002A06A9 /* Assets.xcassets */; };
		539E35B61C6FF51A002A06A9 /* LaunchScreen.storyboard in Resources */ = {isa = PBXBuildFile; fileRef = 539E35B41C6FF51A002A06A9 /* LaunchScreen.storyboard */; };
		539E35BE1C6FFAAC002A06A9 /* TwitterClient.swift in Sources */ = {isa = PBXBuildFile; fileRef = 539E35BD1C6FFAAC002A06A9 /* TwitterClient.swift */; };
/* End PBXBuildFile section */

/* Begin PBXFileReference section */
		0AAEEFF92CF8A529675A0FF9 /* Pods.framework */ = {isa = PBXFileReference; explicitFileType = wrapper.framework; includeInIndex = 0; path = Pods.framework; sourceTree = BUILT_PRODUCTS_DIR; };
		29598FC67D5900DB78573E94 /* Pods.release.xcconfig */ = {isa = PBXFileReference; includeInIndex = 1; lastKnownFileType = text.xcconfig; name = Pods.release.xcconfig; path = "Pods/Target Support Files/Pods/Pods.release.xcconfig"; sourceTree = "<group>"; };
		539E35A81C6FF519002A06A9 /* Twitter.app */ = {isa = PBXFileReference; explicitFileType = wrapper.application; includeInIndex = 0; path = Twitter.app; sourceTree = BUILT_PRODUCTS_DIR; };
		539E35AB1C6FF519002A06A9 /* AppDelegate.swift */ = {isa = PBXFileReference; lastKnownFileType = sourcecode.swift; path = AppDelegate.swift; sourceTree = "<group>"; };
		539E35AD1C6FF519002A06A9 /* ViewController.swift */ = {isa = PBXFileReference; lastKnownFileType = sourcecode.swift; path = ViewController.swift; sourceTree = "<group>"; };
		539E35B01C6FF51A002A06A9 /* Base */ = {isa = PBXFileReference; lastKnownFileType = file.storyboard; name = Base; path = Base.lproj/Main.storyboard; sourceTree = "<group>"; };
		539E35B21C6FF51A002A06A9 /* Assets.xcassets */ = {isa = PBXFileReference; lastKnownFileType = folder.assetcatalog; path = Assets.xcassets; sourceTree = "<group>"; };
		539E35B51C6FF51A002A06A9 /* Base */ = {isa = PBXFileReference; lastKnownFileType = file.storyboard; name = Base; path = Base.lproj/LaunchScreen.storyboard; sourceTree = "<group>"; };
		539E35B71C6FF51A002A06A9 /* Info.plist */ = {isa = PBXFileReference; lastKnownFileType = text.plist.xml; path = Info.plist; sourceTree = "<group>"; };
		539E35BD1C6FFAAC002A06A9 /* TwitterClient.swift */ = {isa = PBXFileReference; fileEncoding = 4; lastKnownFileType = sourcecode.swift; path = TwitterClient.swift; sourceTree = "<group>"; };
		55129DFFC687F913CDD8E4F2 /* Pods.debug.xcconfig */ = {isa = PBXFileReference; includeInIndex = 1; lastKnownFileType = text.xcconfig; name = Pods.debug.xcconfig; path = "Pods/Target Support Files/Pods/Pods.debug.xcconfig"; sourceTree = "<group>"; };
/* End PBXFileReference section */

/* Begin PBXFrameworksBuildPhase section */
		539E35A51C6FF519002A06A9 /* Frameworks */ = {
			isa = PBXFrameworksBuildPhase;
			buildActionMask = 2147483647;
			files = (
				44DCFCBCDC17EE108B700BD5 /* Pods.framework in Frameworks */,
			);
			runOnlyForDeploymentPostprocessing = 0;
		};
/* End PBXFrameworksBuildPhase section */

/* Begin PBXGroup section */
		03310C20A88A563070103F82 /* Frameworks */ = {
			isa = PBXGroup;
			children = (
				0AAEEFF92CF8A529675A0FF9 /* Pods.framework */,
			);
			name = Frameworks;
			sourceTree = "<group>";
		};
		1F80DF90D19C38F34F781487 /* Pods */ = {
			isa = PBXGroup;
			children = (
				55129DFFC687F913CDD8E4F2 /* Pods.debug.xcconfig */,
				29598FC67D5900DB78573E94 /* Pods.release.xcconfig */,
			);
			name = Pods;
			sourceTree = "<group>";
		};
		539E359F1C6FF519002A06A9 = {
			isa = PBXGroup;
			children = (
				539E35AA1C6FF519002A06A9 /* Twitter */,
				539E35A91C6FF519002A06A9 /* Products */,
				1F80DF90D19C38F34F781487 /* Pods */,
				03310C20A88A563070103F82 /* Frameworks */,
			);
			sourceTree = "<group>";
		};
		539E35A91C6FF519002A06A9 /* Products */ = {
			isa = PBXGroup;
			children = (
				539E35A81C6FF519002A06A9 /* Twitter.app */,
			);
			name = Products;
			sourceTree = "<group>";
		};
		539E35AA1C6FF519002A06A9 /* Twitter */ = {
			isa = PBXGroup;
			children = (
				539E35AB1C6FF519002A06A9 /* AppDelegate.swift */,
				539E35AD1C6FF519002A06A9 /* ViewController.swift */,
				539E35AF1C6FF51A002A06A9 /* Main.storyboard */,
				539E35B21C6FF51A002A06A9 /* Assets.xcassets */,
				539E35B41C6FF51A002A06A9 /* LaunchScreen.storyboard */,
				539E35B71C6FF51A002A06A9 /* Info.plist */,
				539E35BD1C6FFAAC002A06A9 /* TwitterClient.swift */,
			);
			path = Twitter;
			sourceTree = "<group>";
		};
/* End PBXGroup section */

/* Begin PBXNativeTarget section */
		539E35A71C6FF519002A06A9 /* Twitter */ = {
			isa = PBXNativeTarget;
			buildConfigurationList = 539E35BA1C6FF51A002A06A9 /* Build configuration list for PBXNativeTarget "Twitter" */;
			buildPhases = (
				6E2E7A29559372AE93BB68D7 /* Check Pods Manifest.lock */,
				539E35A41C6FF519002A06A9 /* Sources */,
				539E35A51C6FF519002A06A9 /* Frameworks */,
				539E35A61C6FF519002A06A9 /* Resources */,
				FF54970A7073A1727DEE3718 /* Embed Pods Frameworks */,
				3E79B373E9FF76244B53E4AC /* Copy Pods Resources */,
			);
			buildRules = (
			);
			dependencies = (
			);
			name = Twitter;
			productName = Twitter;
			productReference = 539E35A81C6FF519002A06A9 /* Twitter.app */;
			productType = "com.apple.product-type.application";
		};
/* End PBXNativeTarget section */

/* Begin PBXProject section */
		539E35A01C6FF519002A06A9 /* Project object */ = {
			isa = PBXProject;
			attributes = {
				LastSwiftUpdateCheck = 0730;
				LastUpgradeCheck = 0730;
				ORGANIZATIONNAME = "Nuraini Aguse";
				TargetAttributes = {
					539E35A71C6FF519002A06A9 = {
						CreatedOnToolsVersion = 7.3;
					};
				};
			};
			buildConfigurationList = 539E35A31C6FF519002A06A9 /* Build configuration list for PBXProject "Twitter" */;
			compatibilityVersion = "Xcode 3.2";
			developmentRegion = English;
			hasScannedForEncodings = 0;
			knownRegions = (
				en,
				Base,
			);
			mainGroup = 539E359F1C6FF519002A06A9;
			productRefGroup = 539E35A91C6FF519002A06A9 /* Products */;
			projectDirPath = "";
			projectRoot = "";
			targets = (
				539E35A71C6FF519002A06A9 /* Twitter */,
			);
		};
/* End PBXProject section */

/* Begin PBXResourcesBuildPhase section */
		539E35A61C6FF519002A06A9 /* Resources */ = {
			isa = PBXResourcesBuildPhase;
			buildActionMask = 2147483647;
			files = (
				539E35B61C6FF51A002A06A9 /* LaunchScreen.storyboard in Resources */,
				539E35B31C6FF51A002A06A9 /* Assets.xcassets in Resources */,
				539E35B11C6FF51A002A06A9 /* Main.storyboard in Resources */,
			);
			runOnlyForDeploymentPostprocessing = 0;
		};
/* End PBXResourcesBuildPhase section */

/* Begin PBXShellScriptBuildPhase section */
		3E79B373E9FF76244B53E4AC /* Copy Pods Resources */ = {
			isa = PBXShellScriptBuildPhase;
			buildActionMask = 2147483647;
			files = (
			);
			inputPaths = (
			);
			name = "Copy Pods Resources";
			outputPaths = (
			);
			runOnlyForDeploymentPostprocessing = 0;
			shellPath = /bin/sh;
			shellScript = "\"${SRCROOT}/Pods/Target Support Files/Pods/Pods-resources.sh\"\n";
			showEnvVarsInLog = 0;
		};
		6E2E7A29559372AE93BB68D7 /* Check Pods Manifest.lock */ = {
			isa = PBXShellScriptBuildPhase;
			buildActionMask = 2147483647;
			files = (
			);
			inputPaths = (
			);
			name = "Check Pods Manifest.lock";
			outputPaths = (
			);
			runOnlyForDeploymentPostprocessing = 0;
			shellPath = /bin/sh;
			shellScript = "diff \"${PODS_ROOT}/../Podfile.lock\" \"${PODS_ROOT}/Manifest.lock\" > /dev/null\nif [[ $? != 0 ]] ; then\n    cat << EOM\nerror: The sandbox is not in sync with the Podfile.lock. Run 'pod install' or update your CocoaPods installation.\nEOM\n    exit 1\nfi\n";
			showEnvVarsInLog = 0;
		};
		FF54970A7073A1727DEE3718 /* Embed Pods Frameworks */ = {
			isa = PBXShellScriptBuildPhase;
			buildActionMask = 2147483647;
			files = (
			);
			inputPaths = (
			);
			name = "Embed Pods Frameworks";
			outputPaths = (
			);
			runOnlyForDeploymentPostprocessing = 0;
			shellPath = /bin/sh;
			shellScript = "\"${SRCROOT}/Pods/Target Support Files/Pods/Pods-frameworks.sh\"\n";
			showEnvVarsInLog = 0;
		};
/* End PBXShellScriptBuildPhase section */

/* Begin PBXSourcesBuildPhase section */
		539E35A41C6FF519002A06A9 /* Sources */ = {
			isa = PBXSourcesBuildPhase;
			buildActionMask = 2147483647;
			files = (
				539E35AE1C6FF519002A06A9 /* ViewController.swift in Sources */,
				539E35BE1C6FFAAC002A06A9 /* TwitterClient.swift in Sources */,
				539E35AC1C6FF519002A06A9 /* AppDelegate.swift in Sources */,
			);
			runOnlyForDeploymentPostprocessing = 0;
		};
/* End PBXSourcesBuildPhase section */

/* Begin PBXVariantGroup section */
		539E35AF1C6FF51A002A06A9 /* Main.storyboard */ = {
			isa = PBXVariantGroup;
			children = (
				539E35B01C6FF51A002A06A9 /* Base */,
			);
			name = Main.storyboard;
			sourceTree = "<group>";
		};
		539E35B41C6FF51A002A06A9 /* LaunchScreen.storyboard */ = {
			isa = PBXVariantGroup;
			children = (
				539E35B51C6FF51A002A06A9 /* Base */,
			);
			name = LaunchScreen.storyboard;
			sourceTree = "<group>";
		};
/* End PBXVariantGroup section */

/* Begin XCBuildConfiguration section */
		539E35B81C6FF51A002A06A9 /* Debug */ = {
			isa = XCBuildConfiguration;
			buildSettings = {
				ALWAYS_SEARCH_USER_PATHS = NO;
				CLANG_CXX_LANGUAGE_STANDARD = "gnu++0x";
				CLANG_CXX_LIBRARY = "libc++";
				CLANG_ENABLE_MODULES = YES;
				CLANG_ENABLE_OBJC_ARC = YES;
				CLANG_WARN_BOOL_CONVERSION = YES;
				CLANG_WARN_CONSTANT_CONVERSION = YES;
				CLANG_WARN_DIRECT_OBJC_ISA_USAGE = YES_ERROR;
				CLANG_WARN_EMPTY_BODY = YES;
				CLANG_WARN_ENUM_CONVERSION = YES;
				CLANG_WARN_INT_CONVERSION = YES;
				CLANG_WARN_OBJC_ROOT_CLASS = YES_ERROR;
				CLANG_WARN_UNREACHABLE_CODE = YES;
				CLANG_WARN__DUPLICATE_METHOD_MATCH = YES;
				"CODE_SIGN_IDENTITY[sdk=iphoneos*]" = "iPhone Developer";
				COPY_PHASE_STRIP = NO;
				DEBUG_INFORMATION_FORMAT = dwarf;
				ENABLE_STRICT_OBJC_MSGSEND = YES;
				ENABLE_TESTABILITY = YES;
				GCC_C_LANGUAGE_STANDARD = gnu99;
				GCC_DYNAMIC_NO_PIC = NO;
				GCC_NO_COMMON_BLOCKS = YES;
				GCC_OPTIMIZATION_LEVEL = 0;
				GCC_PREPROCESSOR_DEFINITIONS = (
					"DEBUG=1",
					"$(inherited)",
				);
				GCC_WARN_64_TO_32_BIT_CONVERSION = YES;
				GCC_WARN_ABOUT_RETURN_TYPE = YES_ERROR;
				GCC_WARN_UNDECLARED_SELECTOR = YES;
				GCC_WARN_UNINITIALIZED_AUTOS = YES_AGGRESSIVE;
				GCC_WARN_UNUSED_FUNCTION = YES;
				GCC_WARN_UNUSED_VARIABLE = YES;
				IPHONEOS_DEPLOYMENT_TARGET = 9.3;
				MTL_ENABLE_DEBUG_INFO = YES;
				ONLY_ACTIVE_ARCH = YES;
				SDKROOT = iphoneos;
				SWIFT_OPTIMIZATION_LEVEL = "-Onone";
			};
			name = Debug;
		};
		539E35B91C6FF51A002A06A9 /* Release */ = {
			isa = XCBuildConfiguration;
			buildSettings = {
				ALWAYS_SEARCH_USER_PATHS = NO;
				CLANG_CXX_LANGUAGE_STANDARD = "gnu++0x";
				CLANG_CXX_LIBRARY = "libc++";
				CLANG_ENABLE_MODULES = YES;
				CLANG_ENABLE_OBJC_ARC = YES;
				CLANG_WARN_BOOL_CONVERSION = YES;
				CLANG_WARN_CONSTANT_CONVERSION = YES;
				CLANG_WARN_DIRECT_OBJC_ISA_USAGE = YES_ERROR;
				CLANG_WARN_EMPTY_BODY = YES;
				CLANG_WARN_ENUM_CONVERSION = YES;
				CLANG_WARN_INT_CONVERSION = YES;
				CLANG_WARN_OBJC_ROOT_CLASS = YES_ERROR;
				CLANG_WARN_UNREACHABLE_CODE = YES;
				CLANG_WARN__DUPLICATE_METHOD_MATCH = YES;
				"CODE_SIGN_IDENTITY[sdk=iphoneos*]" = "iPhone Developer";
				COPY_PHASE_STRIP = NO;
				DEBUG_INFORMATION_FORMAT = "dwarf-with-dsym";
				ENABLE_NS_ASSERTIONS = NO;
				ENABLE_STRICT_OBJC_MSGSEND = YES;
				GCC_C_LANGUAGE_STANDARD = gnu99;
				GCC_NO_COMMON_BLOCKS = YES;
				GCC_WARN_64_TO_32_BIT_CONVERSION = YES;
				GCC_WARN_ABOUT_RETURN_TYPE = YES_ERROR;
				GCC_WARN_UNDECLARED_SELECTOR = YES;
				GCC_WARN_UNINITIALIZED_AUTOS = YES_AGGRESSIVE;
				GCC_WARN_UNUSED_FUNCTION = YES;
				GCC_WARN_UNUSED_VARIABLE = YES;
				IPHONEOS_DEPLOYMENT_TARGET = 9.3;
				MTL_ENABLE_DEBUG_INFO = NO;
				SDKROOT = iphoneos;
				VALIDATE_PRODUCT = YES;
			};
			name = Release;
		};
		539E35BB1C6FF51A002A06A9 /* Debug */ = {
			isa = XCBuildConfiguration;
			baseConfigurationReference = 55129DFFC687F913CDD8E4F2 /* Pods.debug.xcconfig */;
			buildSettings = {
				ASSETCATALOG_COMPILER_APPICON_NAME = AppIcon;
				INFOPLIST_FILE = Twitter/Info.plist;
				LD_RUNPATH_SEARCH_PATHS = "$(inherited) @executable_path/Frameworks";
				PRODUCT_BUNDLE_IDENTIFIER = com.codepath.Twitter;
				PRODUCT_NAME = "$(TARGET_NAME)";
			};
			name = Debug;
		};
		539E35BC1C6FF51A002A06A9 /* Release */ = {
			isa = XCBuildConfiguration;
			baseConfigurationReference = 29598FC67D5900DB78573E94 /* Pods.release.xcconfig */;
			buildSettings = {
				ASSETCATALOG_COMPILER_APPICON_NAME = AppIcon;
				INFOPLIST_FILE = Twitter/Info.plist;
				LD_RUNPATH_SEARCH_PATHS = "$(inherited) @executable_path/Frameworks";
				PRODUCT_BUNDLE_IDENTIFIER = com.codepath.Twitter;
				PRODUCT_NAME = "$(TARGET_NAME)";
			};
			name = Release;
		};
/* End XCBuildConfiguration section */

/* Begin XCConfigurationList section */
		539E35A31C6FF519002A06A9 /* Build configuration list for PBXProject "Twitter" */ = {
			isa = XCConfigurationList;
			buildConfigurations = (
				539E35B81C6FF51A002A06A9 /* Debug */,
				539E35B91C6FF51A002A06A9 /* Release */,
			);
			defaultConfigurationIsVisible = 0;
			defaultConfigurationName = Release;
		};
		539E35BA1C6FF51A002A06A9 /* Build configuration list for PBXNativeTarget "Twitter" */ = {
			isa = XCConfigurationList;
			buildConfigurations = (
				539E35BB1C6FF51A002A06A9 /* Debug */,
				539E35BC1C6FF51A002A06A9 /* Release */,
			);
			defaultConfigurationIsVisible = 0;
			defaultConfigurationName = Release;
		};
/* End XCConfigurationList section */
	};
	rootObject = 539E35A01C6FF519002A06A9 /* Project object */;
}
